
Microsoft Visual Studio Solution File, Format Version 12.00
# Visual Studio 15
VisualStudioVersion = 15.0.27130.2010
MinimumVisualStudioVersion = 10.0.40219.1
Project("{FAE04EC0-301F-11D3-BF4B-00C04F79EFBC}") = "WPF_013_Label_Control", "WPF_013_Label_Control\WPF_013_Label_Control.csproj", "{FEB33079-E5F7-4475-8CC5-069E391936EC}"
EndProject
Global
	GlobalSection(SolutionConfigurationPlatforms) = preSolution
		Debug|Any CPU = Debug|Any CPU
		Release|Any CPU = Release|Any CPU
	EndGlobalSection
	GlobalSection(ProjectConfigurationPlatforms) = postSolution
		{FEB33079-E5F7-4475-8CC5-069E391936EC}.Debug|Any CPU.ActiveCfg = Debug|Any CPU
		{FEB33079-E5F7-4475-8CC5-069E391936EC}.Debug|Any CPU.Build.0 = Debug|Any CPU
		{FEB33079-E5F7-4475-8CC5-069E391936EC}.Release|Any CPU.ActiveCfg = Release|Any CPU
		{FEB33079-E5F7-4475-8CC5-069E391936EC}.Release|Any CPU.Build.0 = Release|Any CPU
	EndGlobalSection
	GlobalSection(SolutionProperties) = preSolution
		HideSolutionNode = FALSE
	EndGlobalSection
	GlobalSection(ExtensibilityGlobals) = postSolution
		SolutionGuid = {D0B21E21-0215-4C3B-9C6E-628AA6D68281}
	EndGlobalSection
EndGlobal
