
Microsoft Visual Studio Solution File, Format Version 12.00
# Visual Studio 15
VisualStudioVersion = 15.0.27130.2010
MinimumVisualStudioVersion = 10.0.40219.1
Project("{FAE04EC0-301F-11D3-BF4B-00C04F79EFBC}") = "WPF_004_Application_Intruduction", "WPF_004_Application_Intruduction\WPF_004_Application_Intruduction.csproj", "{47EC7FFC-1846-4853-AF93-B7039BE7E6A7}"
EndProject
Global
	GlobalSection(SolutionConfigurationPlatforms) = preSolution
		Debug|Any CPU = Debug|Any CPU
		Release|Any CPU = Release|Any CPU
	EndGlobalSection
	GlobalSection(ProjectConfigurationPlatforms) = postSolution
		{47EC7FFC-1846-4853-AF93-B7039BE7E6A7}.Debug|Any CPU.ActiveCfg = Debug|Any CPU
		{47EC7FFC-1846-4853-AF93-B7039BE7E6A7}.Debug|Any CPU.Build.0 = Debug|Any CPU
		{47EC7FFC-1846-4853-AF93-B7039BE7E6A7}.Release|Any CPU.ActiveCfg = Release|Any CPU
		{47EC7FFC-1846-4853-AF93-B7039BE7E6A7}.Release|Any CPU.Build.0 = Release|Any CPU
	EndGlobalSection
	GlobalSection(SolutionProperties) = preSolution
		HideSolutionNode = FALSE
	EndGlobalSection
	GlobalSection(ExtensibilityGlobals) = postSolution
		SolutionGuid = {A1CC4A3D-59E5-4919-9CB5-42319CFB7D08}
	EndGlobalSection
EndGlobal
