
Microsoft Visual Studio Solution File, Format Version 12.00
# Visual Studio 15
VisualStudioVersion = 15.0.27130.2010
MinimumVisualStudioVersion = 10.0.40219.1
Project("{FAE04EC0-301F-11D3-BF4B-00C04F79EFBC}") = "WPF_014_Using_Controls_As_Label_Content", "WPF_014_Using_Controls_As_Label_Content\WPF_014_Using_Controls_As_Label_Content.csproj", "{C23A7F2C-B9A3-4269-A057-4B41138CF2E6}"
EndProject
Global
	GlobalSection(SolutionConfigurationPlatforms) = preSolution
		Debug|Any CPU = Debug|Any CPU
		Release|Any CPU = Release|Any CPU
	EndGlobalSection
	GlobalSection(ProjectConfigurationPlatforms) = postSolution
		{C23A7F2C-B9A3-4269-A057-4B41138CF2E6}.Debug|Any CPU.ActiveCfg = Debug|Any CPU
		{C23A7F2C-B9A3-4269-A057-4B41138CF2E6}.Debug|Any CPU.Build.0 = Debug|Any CPU
		{C23A7F2C-B9A3-4269-A057-4B41138CF2E6}.Release|Any CPU.ActiveCfg = Release|Any CPU
		{C23A7F2C-B9A3-4269-A057-4B41138CF2E6}.Release|Any CPU.Build.0 = Release|Any CPU
	EndGlobalSection
	GlobalSection(SolutionProperties) = preSolution
		HideSolutionNode = FALSE
	EndGlobalSection
	GlobalSection(ExtensibilityGlobals) = postSolution
		SolutionGuid = {A470A3B1-A519-4BAD-9620-13E58D487E95}
	EndGlobalSection
EndGlobal
