
Microsoft Visual Studio Solution File, Format Version 12.00
# Visual Studio 14
VisualStudioVersion = 14.0.25420.1
MinimumVisualStudioVersion = 10.0.40219.1
Project("{FAE04EC0-301F-11D3-BF4B-00C04F79EFBC}") = "Gaddis-03-01-NameFormatter", "Gaddis-03-01-NameFormatter\Gaddis-03-01-NameFormatter.csproj", "{AC49BDC7-57C1-46C3-BB28-04C2A8AA8F64}"
EndProject
Global
	GlobalSection(SolutionConfigurationPlatforms) = preSolution
		Debug|Any CPU = Debug|Any CPU
		Release|Any CPU = Release|Any CPU
	EndGlobalSection
	GlobalSection(ProjectConfigurationPlatforms) = postSolution
		{AC49BDC7-57C1-46C3-BB28-04C2A8AA8F64}.Debug|Any CPU.ActiveCfg = Debug|Any CPU
		{AC49BDC7-57C1-46C3-BB28-04C2A8AA8F64}.Debug|Any CPU.Build.0 = Debug|Any CPU
		{AC49BDC7-57C1-46C3-BB28-04C2A8AA8F64}.Release|Any CPU.ActiveCfg = Release|Any CPU
		{AC49BDC7-57C1-46C3-BB28-04C2A8AA8F64}.Release|Any CPU.Build.0 = Release|Any CPU
	EndGlobalSection
	GlobalSection(SolutionProperties) = preSolution
		HideSolutionNode = FALSE
	EndGlobalSection
EndGlobal
