
Microsoft Visual Studio Solution File, Format Version 12.00
# Visual Studio 14
VisualStudioVersion = 14.0.25420.1
MinimumVisualStudioVersion = 10.0.40219.1
Project("{FAE04EC0-301F-11D3-BF4B-00C04F79EFBC}") = "Gaddis-05-08-TuitionIncrease", "Gaddis-05-08-TuitionIncrease\Gaddis-05-08-TuitionIncrease.csproj", "{4AA88F60-EA9B-466A-A319-F7FD6D3075EA}"
EndProject
Global
	GlobalSection(SolutionConfigurationPlatforms) = preSolution
		Debug|Any CPU = Debug|Any CPU
		Release|Any CPU = Release|Any CPU
	EndGlobalSection
	GlobalSection(ProjectConfigurationPlatforms) = postSolution
		{4AA88F60-EA9B-466A-A319-F7FD6D3075EA}.Debug|Any CPU.ActiveCfg = Debug|Any CPU
		{4AA88F60-EA9B-466A-A319-F7FD6D3075EA}.Debug|Any CPU.Build.0 = Debug|Any CPU
		{4AA88F60-EA9B-466A-A319-F7FD6D3075EA}.Release|Any CPU.ActiveCfg = Release|Any CPU
		{4AA88F60-EA9B-466A-A319-F7FD6D3075EA}.Release|Any CPU.Build.0 = Release|Any CPU
	EndGlobalSection
	GlobalSection(SolutionProperties) = preSolution
		HideSolutionNode = FALSE
	EndGlobalSection
EndGlobal
