
Microsoft Visual Studio Solution File, Format Version 12.00
# Visual Studio 15
VisualStudioVersion = 15.0.27130.2010
MinimumVisualStudioVersion = 10.0.40219.1
Project("{FAE04EC0-301F-11D3-BF4B-00C04F79EFBC}") = "WPF_015_TextBox_Control", "WPF_015_TextBox_Control\WPF_015_TextBox_Control.csproj", "{D3381B68-835E-4A15-8838-89EB44D6AC84}"
EndProject
Global
	GlobalSection(SolutionConfigurationPlatforms) = preSolution
		Debug|Any CPU = Debug|Any CPU
		Release|Any CPU = Release|Any CPU
	EndGlobalSection
	GlobalSection(ProjectConfigurationPlatforms) = postSolution
		{D3381B68-835E-4A15-8838-89EB44D6AC84}.Debug|Any CPU.ActiveCfg = Debug|Any CPU
		{D3381B68-835E-4A15-8838-89EB44D6AC84}.Debug|Any CPU.Build.0 = Debug|Any CPU
		{D3381B68-835E-4A15-8838-89EB44D6AC84}.Release|Any CPU.ActiveCfg = Release|Any CPU
		{D3381B68-835E-4A15-8838-89EB44D6AC84}.Release|Any CPU.Build.0 = Release|Any CPU
	EndGlobalSection
	GlobalSection(SolutionProperties) = preSolution
		HideSolutionNode = FALSE
	EndGlobalSection
	GlobalSection(ExtensibilityGlobals) = postSolution
		SolutionGuid = {7C3499BB-6A72-4050-BA8B-2A97970C5A74}
	EndGlobalSection
EndGlobal
